
Microsoft Visual Studio Solution File, Format Version 12.00
# Visual Studio Version 17
VisualStudioVersion = 17.5.002.0
MinimumVisualStudioVersion = 10.0.40219.1
Project("{9A19103F-16F7-4668-BE54-9A1E7A4F7556}") = "fakeStore", "fakeStore.csproj", "{5F7BFDE8-B223-4D57-8D1C-D022FDCBDE6C}"
EndProject
Global
	GlobalSection(SolutionConfigurationPlatforms) = preSolution
		Debug|Any CPU = Debug|Any CPU
		Release|Any CPU = Release|Any CPU
	EndGlobalSection
	GlobalSection(ProjectConfigurationPlatforms) = postSolution
		{5F7BFDE8-B223-4D57-8D1C-D022FDCBDE6C}.Debug|Any CPU.ActiveCfg = Debug|Any CPU
		{5F7BFDE8-B223-4D57-8D1C-D022FDCBDE6C}.Debug|Any CPU.Build.0 = Debug|Any CPU
		{5F7BFDE8-B223-4D57-8D1C-D022FDCBDE6C}.Release|Any CPU.ActiveCfg = Release|Any CPU
		{5F7BFDE8-B223-4D57-8D1C-D022FDCBDE6C}.Release|Any CPU.Build.0 = Release|Any CPU
	EndGlobalSection
	GlobalSection(SolutionProperties) = preSolution
		HideSolutionNode = FALSE
	EndGlobalSection
	GlobalSection(ExtensibilityGlobals) = postSolution
		SolutionGuid = {4BEA3E8F-5D83-4E69-80E4-50A797AD0E60}
	EndGlobalSection
EndGlobal
